// !$*UTF8*$!
{
	archiveVersion = 1;
	classes = {
	};
	objectVersion = 55;
	objects = {

/* Begin PBXBuildFile section */
		7385ABA6270EDB0C00C191A6 /* PokemonDetailView.swift in Sources */ = {isa = PBXBuildFile; fileRef = 7385ABA5270EDB0C00C191A6 /* PokemonDetailView.swift */; };
		7385ABA9270EEB0400C191A6 /* KeychainAccess in Frameworks */ = {isa = PBXBuildFile; productRef = 7385ABA8270EEB0400C191A6 /* KeychainAccess */; };
		7385ABAB270EF0A700C191A6 /* Local Storage.swift in Sources */ = {isa = PBXBuildFile; fileRef = 7385ABAA270EF0A700C191A6 /* Local Storage.swift */; };
		7385ABAD270EF20200C191A6 /* LoginView.swift in Sources */ = {isa = PBXBuildFile; fileRef = 7385ABAC270EF20200C191A6 /* LoginView.swift */; };
		73A1AE9F270C5161007935E9 /* PokedexApp.swift in Sources */ = {isa = PBXBuildFile; fileRef = 73A1AE9E270C5161007935E9 /* PokedexApp.swift */; };
		73A1AEA1270C5161007935E9 /* ContentView.swift in Sources */ = {isa = PBXBuildFile; fileRef = 73A1AEA0270C5161007935E9 /* ContentView.swift */; };
		73A1AEA3270C5163007935E9 /* Assets.xcassets in Resources */ = {isa = PBXBuildFile; fileRef = 73A1AEA2270C5163007935E9 /* Assets.xcassets */; };
		73A1AEA6270C5163007935E9 /* Preview Assets.xcassets in Resources */ = {isa = PBXBuildFile; fileRef = 73A1AEA5270C5163007935E9 /* Preview Assets.xcassets */; };
		73A1AEB0270C5163007935E9 /* PokedexTests.swift in Sources */ = {isa = PBXBuildFile; fileRef = 73A1AEAF270C5163007935E9 /* PokedexTests.swift */; };
		73A1AEBA270C5163007935E9 /* PokedexUITests.swift in Sources */ = {isa = PBXBuildFile; fileRef = 73A1AEB9270C5163007935E9 /* PokedexUITests.swift */; };
		73A1AEBC270C5163007935E9 /* PokedexUITestsLaunchTests.swift in Sources */ = {isa = PBXBuildFile; fileRef = 73A1AEBB270C5163007935E9 /* PokedexUITestsLaunchTests.swift */; };
		73A1AECB270C588D007935E9 /* PokemonCell.swift in Sources */ = {isa = PBXBuildFile; fileRef = 73A1AECA270C588D007935E9 /* PokemonCell.swift */; };
		73A1AECD270C5E3F007935E9 /* Pokemon.swift in Sources */ = {isa = PBXBuildFile; fileRef = 73A1AECC270C5E3F007935E9 /* Pokemon.swift */; };
/* End PBXBuildFile section */

/* Begin PBXContainerItemProxy section */
		73A1AEAC270C5163007935E9 /* PBXContainerItemProxy */ = {
			isa = PBXContainerItemProxy;
			containerPortal = 73A1AE93270C5161007935E9 /* Project object */;
			proxyType = 1;
			remoteGlobalIDString = 73A1AE9A270C5161007935E9;
			remoteInfo = Pokedex;
		};
		73A1AEB6270C5163007935E9 /* PBXContainerItemProxy */ = {
			isa = PBXContainerItemProxy;
			containerPortal = 73A1AE93270C5161007935E9 /* Project object */;
			proxyType = 1;
			remoteGlobalIDString = 73A1AE9A270C5161007935E9;
			remoteInfo = Pokedex;
		};
/* End PBXContainerItemProxy section */

/* Begin PBXFileReference section */
		7385ABA5270EDB0C00C191A6 /* PokemonDetailView.swift */ = {isa = PBXFileReference; lastKnownFileType = sourcecode.swift; path = PokemonDetailView.swift; sourceTree = "<group>"; };
		7385ABAA270EF0A700C191A6 /* Local Storage.swift */ = {isa = PBXFileReference; lastKnownFileType = sourcecode.swift; path = "Local Storage.swift"; sourceTree = "<group>"; };
		7385ABAC270EF20200C191A6 /* LoginView.swift */ = {isa = PBXFileReference; lastKnownFileType = sourcecode.swift; path = LoginView.swift; sourceTree = "<group>"; };
		73A1AE9B270C5161007935E9 /* Pokedex.app */ = {isa = PBXFileReference; explicitFileType = wrapper.application; includeInIndex = 0; path = Pokedex.app; sourceTree = BUILT_PRODUCTS_DIR; };
		73A1AE9E270C5161007935E9 /* PokedexApp.swift */ = {isa = PBXFileReference; lastKnownFileType = sourcecode.swift; path = PokedexApp.swift; sourceTree = "<group>"; };
		73A1AEA0270C5161007935E9 /* ContentView.swift */ = {isa = PBXFileReference; lastKnownFileType = sourcecode.swift; path = ContentView.swift; sourceTree = "<group>"; };
		73A1AEA2270C5163007935E9 /* Assets.xcassets */ = {isa = PBXFileReference; lastKnownFileType = folder.assetcatalog; path = Assets.xcassets; sourceTree = "<group>"; };
		73A1AEA5270C5163007935E9 /* Preview Assets.xcassets */ = {isa = PBXFileReference; lastKnownFileType = folder.assetcatalog; path = "Preview Assets.xcassets"; sourceTree = "<group>"; };
		73A1AEAB270C5163007935E9 /* PokedexTests.xctest */ = {isa = PBXFileReference; explicitFileType = wrapper.cfbundle; includeInIndex = 0; path = PokedexTests.xctest; sourceTree = BUILT_PRODUCTS_DIR; };
		73A1AEAF270C5163007935E9 /* PokedexTests.swift */ = {isa = PBXFileReference; lastKnownFileType = sourcecode.swift; path = PokedexTests.swift; sourceTree = "<group>"; };
		73A1AEB5270C5163007935E9 /* PokedexUITests.xctest */ = {isa = PBXFileReference; explicitFileType = wrapper.cfbundle; includeInIndex = 0; path = PokedexUITests.xctest; sourceTree = BUILT_PRODUCTS_DIR; };
		73A1AEB9270C5163007935E9 /* PokedexUITests.swift */ = {isa = PBXFileReference; lastKnownFileType = sourcecode.swift; path = PokedexUITests.swift; sourceTree = "<group>"; };
		73A1AEBB270C5163007935E9 /* PokedexUITestsLaunchTests.swift */ = {isa = PBXFileReference; lastKnownFileType = sourcecode.swift; path = PokedexUITestsLaunchTests.swift; sourceTree = "<group>"; };
		73A1AECA270C588D007935E9 /* PokemonCell.swift */ = {isa = PBXFileReference; lastKnownFileType = sourcecode.swift; path = PokemonCell.swift; sourceTree = "<group>"; };
		73A1AECC270C5E3F007935E9 /* Pokemon.swift */ = {isa = PBXFileReference; lastKnownFileType = sourcecode.swift; path = Pokemon.swift; sourceTree = "<group>"; };
/* End PBXFileReference section */

/* Begin PBXFrameworksBuildPhase section */
		73A1AE98270C5161007935E9 /* Frameworks */ = {
			isa = PBXFrameworksBuildPhase;
			buildActionMask = 2147483647;
			files = (
				7385ABA9270EEB0400C191A6 /* KeychainAccess in Frameworks */,
			);
			runOnlyForDeploymentPostprocessing = 0;
		};
		73A1AEA8270C5163007935E9 /* Frameworks */ = {
			isa = PBXFrameworksBuildPhase;
			buildActionMask = 2147483647;
			files = (
			);
			runOnlyForDeploymentPostprocessing = 0;
		};
		73A1AEB2270C5163007935E9 /* Frameworks */ = {
			isa = PBXFrameworksBuildPhase;
			buildActionMask = 2147483647;
			files = (
			);
			runOnlyForDeploymentPostprocessing = 0;
		};
/* End PBXFrameworksBuildPhase section */

/* Begin PBXGroup section */
		73A1AE92270C5161007935E9 = {
			isa = PBXGroup;
			children = (
				73A1AE9D270C5161007935E9 /* Pokedex */,
				73A1AEAE270C5163007935E9 /* PokedexTests */,
				73A1AEB8270C5163007935E9 /* PokedexUITests */,
				73A1AE9C270C5161007935E9 /* Products */,
			);
			sourceTree = "<group>";
		};
		73A1AE9C270C5161007935E9 /* Products */ = {
			isa = PBXGroup;
			children = (
				73A1AE9B270C5161007935E9 /* Pokedex.app */,
				73A1AEAB270C5163007935E9 /* PokedexTests.xctest */,
				73A1AEB5270C5163007935E9 /* PokedexUITests.xctest */,
			);
			name = Products;
			sourceTree = "<group>";
		};
		73A1AE9D270C5161007935E9 /* Pokedex */ = {
			isa = PBXGroup;
			children = (
				73A1AE9E270C5161007935E9 /* PokedexApp.swift */,
				73A1AEA0270C5161007935E9 /* ContentView.swift */,
				73A1AEA2270C5163007935E9 /* Assets.xcassets */,
				73A1AEA4270C5163007935E9 /* Preview Content */,
				73A1AECA270C588D007935E9 /* PokemonCell.swift */,
				73A1AECC270C5E3F007935E9 /* Pokemon.swift */,
				7385ABA5270EDB0C00C191A6 /* PokemonDetailView.swift */,
				7385ABAA270EF0A700C191A6 /* Local Storage.swift */,
				7385ABAC270EF20200C191A6 /* LoginView.swift */,
			);
			path = Pokedex;
			sourceTree = "<group>";
		};
		73A1AEA4270C5163007935E9 /* Preview Content */ = {
			isa = PBXGroup;
			children = (
				73A1AEA5270C5163007935E9 /* Preview Assets.xcassets */,
			);
			path = "Preview Content";
			sourceTree = "<group>";
		};
		73A1AEAE270C5163007935E9 /* PokedexTests */ = {
			isa = PBXGroup;
			children = (
				73A1AEAF270C5163007935E9 /* PokedexTests.swift */,
			);
			path = PokedexTests;
			sourceTree = "<group>";
		};
		73A1AEB8270C5163007935E9 /* PokedexUITests */ = {
			isa = PBXGroup;
			children = (
				73A1AEB9270C5163007935E9 /* PokedexUITests.swift */,
				73A1AEBB270C5163007935E9 /* PokedexUITestsLaunchTests.swift */,
			);
			path = PokedexUITests;
			sourceTree = "<group>";
		};
/* End PBXGroup section */

/* Begin PBXNativeTarget section */
		73A1AE9A270C5161007935E9 /* Pokedex */ = {
			isa = PBXNativeTarget;
			buildConfigurationList = 73A1AEBF270C5163007935E9 /* Build configuration list for PBXNativeTarget "Pokedex" */;
			buildPhases = (
				73A1AE97270C5161007935E9 /* Sources */,
				73A1AE98270C5161007935E9 /* Frameworks */,
				73A1AE99270C5161007935E9 /* Resources */,
			);
			buildRules = (
			);
			dependencies = (
			);
			name = Pokedex;
			packageProductDependencies = (
				7385ABA8270EEB0400C191A6 /* KeychainAccess */,
			);
			productName = Pokedex;
			productReference = 73A1AE9B270C5161007935E9 /* Pokedex.app */;
			productType = "com.apple.product-type.application";
		};
		73A1AEAA270C5163007935E9 /* PokedexTests */ = {
			isa = PBXNativeTarget;
			buildConfigurationList = 73A1AEC2270C5163007935E9 /* Build configuration list for PBXNativeTarget "PokedexTests" */;
			buildPhases = (
				73A1AEA7270C5163007935E9 /* Sources */,
				73A1AEA8270C5163007935E9 /* Frameworks */,
				73A1AEA9270C5163007935E9 /* Resources */,
			);
			buildRules = (
			);
			dependencies = (
				73A1AEAD270C5163007935E9 /* PBXTargetDependency */,
			);
			name = PokedexTests;
			productName = PokedexTests;
			productReference = 73A1AEAB270C5163007935E9 /* PokedexTests.xctest */;
			productType = "com.apple.product-type.bundle.unit-test";
		};
		73A1AEB4270C5163007935E9 /* PokedexUITests */ = {
			isa = PBXNativeTarget;
			buildConfigurationList = 73A1AEC5270C5163007935E9 /* Build configuration list for PBXNativeTarget "PokedexUITests" */;
			buildPhases = (
				73A1AEB1270C5163007935E9 /* Sources */,
				73A1AEB2270C5163007935E9 /* Frameworks */,
				73A1AEB3270C5163007935E9 /* Resources */,
			);
			buildRules = (
			);
			dependencies = (
				73A1AEB7270C5163007935E9 /* PBXTargetDependency */,
			);
			name = PokedexUITests;
			productName = PokedexUITests;
			productReference = 73A1AEB5270C5163007935E9 /* PokedexUITests.xctest */;
			productType = "com.apple.product-type.bundle.ui-testing";
		};
/* End PBXNativeTarget section */

/* Begin PBXProject section */
		73A1AE93270C5161007935E9 /* Project object */ = {
			isa = PBXProject;
			attributes = {
				BuildIndependentTargetsInParallel = 1;
				LastSwiftUpdateCheck = 1300;
				LastUpgradeCheck = 1300;
				TargetAttributes = {
					73A1AE9A270C5161007935E9 = {
						CreatedOnToolsVersion = 13.0;
					};
					73A1AEAA270C5163007935E9 = {
						CreatedOnToolsVersion = 13.0;
						TestTargetID = 73A1AE9A270C5161007935E9;
					};
					73A1AEB4270C5163007935E9 = {
						CreatedOnToolsVersion = 13.0;
						TestTargetID = 73A1AE9A270C5161007935E9;
					};
				};
			};
			buildConfigurationList = 73A1AE96270C5161007935E9 /* Build configuration list for PBXProject "Pokedex" */;
			compatibilityVersion = "Xcode 13.0";
			developmentRegion = en;
			hasScannedForEncodings = 0;
			knownRegions = (
				en,
				Base,
			);
			mainGroup = 73A1AE92270C5161007935E9;
			packageReferences = (
				7385ABA7270EEB0400C191A6 /* XCRemoteSwiftPackageReference "KeychainAccess" */,
			);
			productRefGroup = 73A1AE9C270C5161007935E9 /* Products */;
			projectDirPath = "";
			projectRoot = "";
			targets = (
				73A1AE9A270C5161007935E9 /* Pokedex */,
				73A1AEAA270C5163007935E9 /* PokedexTests */,
				73A1AEB4270C5163007935E9 /* PokedexUITests */,
			);
		};
/* End PBXProject section */

/* Begin PBXResourcesBuildPhase section */
		73A1AE99270C5161007935E9 /* Resources */ = {
			isa = PBXResourcesBuildPhase;
			buildActionMask = 2147483647;
			files = (
				73A1AEA6270C5163007935E9 /* Preview Assets.xcassets in Resources */,
				73A1AEA3270C5163007935E9 /* Assets.xcassets in Resources */,
			);
			runOnlyForDeploymentPostprocessing = 0;
		};
		73A1AEA9270C5163007935E9 /* Resources */ = {
			isa = PBXResourcesBuildPhase;
			buildActionMask = 2147483647;
			files = (
			);
			runOnlyForDeploymentPostprocessing = 0;
		};
		73A1AEB3270C5163007935E9 /* Resources */ = {
			isa = PBXResourcesBuildPhase;
			buildActionMask = 2147483647;
			files = (
			);
			runOnlyForDeploymentPostprocessing = 0;
		};
/* End PBXResourcesBuildPhase section */

/* Begin PBXSourcesBuildPhase section */
		73A1AE97270C5161007935E9 /* Sources */ = {
			isa = PBXSourcesBuildPhase;
			buildActionMask = 2147483647;
			files = (
				73A1AEA1270C5161007935E9 /* ContentView.swift in Sources */,
				7385ABAD270EF20200C191A6 /* LoginView.swift in Sources */,
				7385ABA6270EDB0C00C191A6 /* PokemonDetailView.swift in Sources */,
				73A1AECD270C5E3F007935E9 /* Pokemon.swift in Sources */,
				73A1AE9F270C5161007935E9 /* PokedexApp.swift in Sources */,
				7385ABAB270EF0A700C191A6 /* Local Storage.swift in Sources */,
				73A1AECB270C588D007935E9 /* PokemonCell.swift in Sources */,
			);
			runOnlyForDeploymentPostprocessing = 0;
		};
		73A1AEA7270C5163007935E9 /* Sources */ = {
			isa = PBXSourcesBuildPhase;
			buildActionMask = 2147483647;
			files = (
				73A1AEB0270C5163007935E9 /* PokedexTests.swift in Sources */,
			);
			runOnlyForDeploymentPostprocessing = 0;
		};
		73A1AEB1270C5163007935E9 /* Sources */ = {
			isa = PBXSourcesBuildPhase;
			buildActionMask = 2147483647;
			files = (
				73A1AEBA270C5163007935E9 /* PokedexUITests.swift in Sources */,
				73A1AEBC270C5163007935E9 /* PokedexUITestsLaunchTests.swift in Sources */,
			);
			runOnlyForDeploymentPostprocessing = 0;
		};
/* End PBXSourcesBuildPhase section */

/* Begin PBXTargetDependency section */
		73A1AEAD270C5163007935E9 /* PBXTargetDependency */ = {
			isa = PBXTargetDependency;
			target = 73A1AE9A270C5161007935E9 /* Pokedex */;
			targetProxy = 73A1AEAC270C5163007935E9 /* PBXContainerItemProxy */;
		};
		73A1AEB7270C5163007935E9 /* PBXTargetDependency */ = {
			isa = PBXTargetDependency;
			target = 73A1AE9A270C5161007935E9 /* Pokedex */;
			targetProxy = 73A1AEB6270C5163007935E9 /* PBXContainerItemProxy */;
		};
/* End PBXTargetDependency section */

/* Begin XCBuildConfiguration section */
		73A1AEBD270C5163007935E9 /* Debug */ = {
			isa = XCBuildConfiguration;
			buildSettings = {
				ALWAYS_SEARCH_USER_PATHS = NO;
				CLANG_ANALYZER_NONNULL = YES;
				CLANG_ANALYZER_NUMBER_OBJECT_CONVERSION = YES_AGGRESSIVE;
				CLANG_CXX_LANGUAGE_STANDARD = "gnu++17";
				CLANG_CXX_LIBRARY = "libc++";
				CLANG_ENABLE_MODULES = YES;
				CLANG_ENABLE_OBJC_ARC = YES;
				CLANG_ENABLE_OBJC_WEAK = YES;
				CLANG_WARN_BLOCK_CAPTURE_AUTORELEASING = YES;
				CLANG_WARN_BOOL_CONVERSION = YES;
				CLANG_WARN_COMMA = YES;
				CLANG_WARN_CONSTANT_CONVERSION = YES;
				CLANG_WARN_DEPRECATED_OBJC_IMPLEMENTATIONS = YES;
				CLANG_WARN_DIRECT_OBJC_ISA_USAGE = YES_ERROR;
				CLANG_WARN_DOCUMENTATION_COMMENTS = YES;
				CLANG_WARN_EMPTY_BODY = YES;
				CLANG_WARN_ENUM_CONVERSION = YES;
				CLANG_WARN_INFINITE_RECURSION = YES;
				CLANG_WARN_INT_CONVERSION = YES;
				CLANG_WARN_NON_LITERAL_NULL_CONVERSION = YES;
				CLANG_WARN_OBJC_IMPLICIT_RETAIN_SELF = YES;
				CLANG_WARN_OBJC_LITERAL_CONVERSION = YES;
				CLANG_WARN_OBJC_ROOT_CLASS = YES_ERROR;
				CLANG_WARN_QUOTED_INCLUDE_IN_FRAMEWORK_HEADER = YES;
				CLANG_WARN_RANGE_LOOP_ANALYSIS = YES;
				CLANG_WARN_STRICT_PROTOTYPES = YES;
				CLANG_WARN_SUSPICIOUS_MOVE = YES;
				CLANG_WARN_UNGUARDED_AVAILABILITY = YES_AGGRESSIVE;
				CLANG_WARN_UNREACHABLE_CODE = YES;
				CLANG_WARN__DUPLICATE_METHOD_MATCH = YES;
				COPY_PHASE_STRIP = NO;
				DEBUG_INFORMATION_FORMAT = dwarf;
				ENABLE_STRICT_OBJC_MSGSEND = YES;
				ENABLE_TESTABILITY = YES;
				GCC_C_LANGUAGE_STANDARD = gnu11;
				GCC_DYNAMIC_NO_PIC = NO;
				GCC_NO_COMMON_BLOCKS = YES;
				GCC_OPTIMIZATION_LEVEL = 0;
				GCC_PREPROCESSOR_DEFINITIONS = (
					"DEBUG=1",
					"$(inherited)",
				);
				GCC_WARN_64_TO_32_BIT_CONVERSION = YES;
				GCC_WARN_ABOUT_RETURN_TYPE = YES_ERROR;
				GCC_WARN_UNDECLARED_SELECTOR = YES;
				GCC_WARN_UNINITIALIZED_AUTOS = YES_AGGRESSIVE;
				GCC_WARN_UNUSED_FUNCTION = YES;
				GCC_WARN_UNUSED_VARIABLE = YES;
				IPHONEOS_DEPLOYMENT_TARGET = 15.0;
				MTL_ENABLE_DEBUG_INFO = INCLUDE_SOURCE;
				MTL_FAST_MATH = YES;
				ONLY_ACTIVE_ARCH = YES;
				SDKROOT = iphoneos;
				SWIFT_ACTIVE_COMPILATION_CONDITIONS = DEBUG;
				SWIFT_OPTIMIZATION_LEVEL = "-Onone";
			};
			name = Debug;
		};
		73A1AEBE270C5163007935E9 /* Release */ = {
			isa = XCBuildConfiguration;
			buildSettings = {
				ALWAYS_SEARCH_USER_PATHS = NO;
				CLANG_ANALYZER_NONNULL = YES;
				CLANG_ANALYZER_NUMBER_OBJECT_CONVERSION = YES_AGGRESSIVE;
				CLANG_CXX_LANGUAGE_STANDARD = "gnu++17";
				CLANG_CXX_LIBRARY = "libc++";
				CLANG_ENABLE_MODULES = YES;
				CLANG_ENABLE_OBJC_ARC = YES;
				CLANG_ENABLE_OBJC_WEAK = YES;
				CLANG_WARN_BLOCK_CAPTURE_AUTORELEASING = YES;
				CLANG_WARN_BOOL_CONVERSION = YES;
				CLANG_WARN_COMMA = YES;
				CLANG_WARN_CONSTANT_CONVERSION = YES;
				CLANG_WARN_DEPRECATED_OBJC_IMPLEMENTATIONS = YES;
				CLANG_WARN_DIRECT_OBJC_ISA_USAGE = YES_ERROR;
				CLANG_WARN_DOCUMENTATION_COMMENTS = YES;
				CLANG_WARN_EMPTY_BODY = YES;
				CLANG_WARN_ENUM_CONVERSION = YES;
				CLANG_WARN_INFINITE_RECURSION = YES;
				CLANG_WARN_INT_CONVERSION = YES;
				CLANG_WARN_NON_LITERAL_NULL_CONVERSION = YES;
				CLANG_WARN_OBJC_IMPLICIT_RETAIN_SELF = YES;
				CLANG_WARN_OBJC_LITERAL_CONVERSION = YES;
				CLANG_WARN_OBJC_ROOT_CLASS = YES_ERROR;
				CLANG_WARN_QUOTED_INCLUDE_IN_FRAMEWORK_HEADER = YES;
				CLANG_WARN_RANGE_LOOP_ANALYSIS = YES;
				CLANG_WARN_STRICT_PROTOTYPES = YES;
				CLANG_WARN_SUSPICIOUS_MOVE = YES;
				CLANG_WARN_UNGUARDED_AVAILABILITY = YES_AGGRESSIVE;
				CLANG_WARN_UNREACHABLE_CODE = YES;
				CLANG_WARN__DUPLICATE_METHOD_MATCH = YES;
				COPY_PHASE_STRIP = NO;
				DEBUG_INFORMATION_FORMAT = "dwarf-with-dsym";
				ENABLE_NS_ASSERTIONS = NO;
				ENABLE_STRICT_OBJC_MSGSEND = YES;
				GCC_C_LANGUAGE_STANDARD = gnu11;
				GCC_NO_COMMON_BLOCKS = YES;
				GCC_WARN_64_TO_32_BIT_CONVERSION = YES;
				GCC_WARN_ABOUT_RETURN_TYPE = YES_ERROR;
				GCC_WARN_UNDECLARED_SELECTOR = YES;
				GCC_WARN_UNINITIALIZED_AUTOS = YES_AGGRESSIVE;
				GCC_WARN_UNUSED_FUNCTION = YES;
				GCC_WARN_UNUSED_VARIABLE = YES;
				IPHONEOS_DEPLOYMENT_TARGET = 15.0;
				MTL_ENABLE_DEBUG_INFO = NO;
				MTL_FAST_MATH = YES;
				SDKROOT = iphoneos;
				SWIFT_COMPILATION_MODE = wholemodule;
				SWIFT_OPTIMIZATION_LEVEL = "-O";
				VALIDATE_PRODUCT = YES;
			};
			name = Release;
		};
		73A1AEC0270C5163007935E9 /* Debug */ = {
			isa = XCBuildConfiguration;
			buildSettings = {
				ASSETCATALOG_COMPILER_APPICON_NAME = AppIcon;
				ASSETCATALOG_COMPILER_GLOBAL_ACCENT_COLOR_NAME = AccentColor;
				CODE_SIGN_STYLE = Automatic;
				CURRENT_PROJECT_VERSION = 1;
				DEVELOPMENT_ASSET_PATHS = "\"Pokedex/Preview Content\"";
				ENABLE_PREVIEWS = YES;
				GENERATE_INFOPLIST_FILE = YES;
				INFOPLIST_KEY_UIApplicationSceneManifest_Generation = YES;
				INFOPLIST_KEY_UIApplicationSupportsIndirectInputEvents = YES;
				INFOPLIST_KEY_UILaunchScreen_Generation = YES;
				INFOPLIST_KEY_UISupportedInterfaceOrientations_iPad = "UIInterfaceOrientationPortrait UIInterfaceOrientationPortraitUpsideDown UIInterfaceOrientationLandscapeLeft UIInterfaceOrientationLandscapeRight";
				INFOPLIST_KEY_UISupportedInterfaceOrientations_iPhone = "UIInterfaceOrientationPortrait UIInterfaceOrientationLandscapeLeft UIInterfaceOrientationLandscapeRight";
				IPHONEOS_DEPLOYMENT_TARGET = 14.0;
				LD_RUNPATH_SEARCH_PATHS = (
					"$(inherited)",
					"@executable_path/Frameworks",
				);
				MARKETING_VERSION = 1.0;
				PRODUCT_BUNDLE_IDENTIFIER = nl.roozendaal.stan.Pokedex;
				PRODUCT_NAME = "$(TARGET_NAME)";
				SWIFT_EMIT_LOC_STRINGS = YES;
				SWIFT_VERSION = 5.0;
				TARGETED_DEVICE_FAMILY = "1,2";
			};
			name = Debug;
		};
		73A1AEC1270C5163007935E9 /* Release */ = {
			isa = XCBuildConfiguration;
			buildSettings = {
				ASSETCATALOG_COMPILER_APPICON_NAME = AppIcon;
				ASSETCATALOG_COMPILER_GLOBAL_ACCENT_COLOR_NAME = AccentColor;
				CODE_SIGN_STYLE = Automatic;
				CURRENT_PROJECT_VERSION = 1;
				DEVELOPMENT_ASSET_PATHS = "\"Pokedex/Preview Content\"";
				ENABLE_PREVIEWS = YES;
				GENERATE_INFOPLIST_FILE = YES;
				INFOPLIST_KEY_UIApplicationSceneManifest_Generation = YES;
				INFOPLIST_KEY_UIApplicationSupportsIndirectInputEvents = YES;
				INFOPLIST_KEY_UILaunchScreen_Generation = YES;
				INFOPLIST_KEY_UISupportedInterfaceOrientations_iPad = "UIInterfaceOrientationPortrait UIInterfaceOrientationPortraitUpsideDown UIInterfaceOrientationLandscapeLeft UIInterfaceOrientationLandscapeRight";
				INFOPLIST_KEY_UISupportedInterfaceOrientations_iPhone = "UIInterfaceOrientationPortrait UIInterfaceOrientationLandscapeLeft UIInterfaceOrientationLandscapeRight";
				IPHONEOS_DEPLOYMENT_TARGET = 14.0;
				LD_RUNPATH_SEARCH_PATHS = (
					"$(inherited)",
					"@executable_path/Frameworks",
				);
				MARKETING_VERSION = 1.0;
				PRODUCT_BUNDLE_IDENTIFIER = nl.roozendaal.stan.Pokedex;
				PRODUCT_NAME = "$(TARGET_NAME)";
				SWIFT_EMIT_LOC_STRINGS = YES;
				SWIFT_VERSION = 5.0;
				TARGETED_DEVICE_FAMILY = "1,2";
			};
			name = Release;
		};
		73A1AEC3270C5163007935E9 /* Debug */ = {
			isa = XCBuildConfiguration;
			buildSettings = {
				ALWAYS_EMBED_SWIFT_STANDARD_LIBRARIES = YES;
				BUNDLE_LOADER = "$(TEST_HOST)";
				CODE_SIGN_STYLE = Automatic;
				CURRENT_PROJECT_VERSION = 1;
				GENERATE_INFOPLIST_FILE = YES;
				IPHONEOS_DEPLOYMENT_TARGET = 14.0;
				LD_RUNPATH_SEARCH_PATHS = (
					"$(inherited)",
					"@executable_path/Frameworks",
					"@loader_path/Frameworks",
				);
				MARKETING_VERSION = 1.0;
				PRODUCT_BUNDLE_IDENTIFIER = nl.roozendaal.stan.PokedexTests;
				PRODUCT_NAME = "$(TARGET_NAME)";
				SWIFT_EMIT_LOC_STRINGS = NO;
				SWIFT_VERSION = 5.0;
				TARGETED_DEVICE_FAMILY = "1,2";
				TEST_HOST = "$(BUILT_PRODUCTS_DIR)/Pokedex.app/Pokedex";
			};
			name = Debug;
		};
		73A1AEC4270C5163007935E9 /* Release */ = {
			isa = XCBuildConfiguration;
			buildSettings = {
				ALWAYS_EMBED_SWIFT_STANDARD_LIBRARIES = YES;
				BUNDLE_LOADER = "$(TEST_HOST)";
				CODE_SIGN_STYLE = Automatic;
				CURRENT_PROJECT_VERSION = 1;
				GENERATE_INFOPLIST_FILE = YES;
				IPHONEOS_DEPLOYMENT_TARGET = 14.0;
				LD_RUNPATH_SEARCH_PATHS = (
					"$(inherited)",
					"@executable_path/Frameworks",
					"@loader_path/Frameworks",
				);
				MARKETING_VERSION = 1.0;
				PRODUCT_BUNDLE_IDENTIFIER = nl.roozendaal.stan.PokedexTests;
				PRODUCT_NAME = "$(TARGET_NAME)";
				SWIFT_EMIT_LOC_STRINGS = NO;
				SWIFT_VERSION = 5.0;
				TARGETED_DEVICE_FAMILY = "1,2";
				TEST_HOST = "$(BUILT_PRODUCTS_DIR)/Pokedex.app/Pokedex";
			};
			name = Release;
		};
		73A1AEC6270C5163007935E9 /* Debug */ = {
			isa = XCBuildConfiguration;
			buildSettings = {
				ALWAYS_EMBED_SWIFT_STANDARD_LIBRARIES = YES;
				CODE_SIGN_STYLE = Automatic;
				CURRENT_PROJECT_VERSION = 1;
				GENERATE_INFOPLIST_FILE = YES;
				LD_RUNPATH_SEARCH_PATHS = (
					"$(inherited)",
					"@executable_path/Frameworks",
					"@loader_path/Frameworks",
				);
				MARKETING_VERSION = 1.0;
				PRODUCT_BUNDLE_IDENTIFIER = nl.roozendaal.stan.PokedexUITests;
				PRODUCT_NAME = "$(TARGET_NAME)";
				SWIFT_EMIT_LOC_STRINGS = NO;
				SWIFT_VERSION = 5.0;
				TARGETED_DEVICE_FAMILY = "1,2";
				TEST_TARGET_NAME = Pokedex;
			};
			name = Debug;
		};
		73A1AEC7270C5163007935E9 /* Release */ = {
			isa = XCBuildConfiguration;
			buildSettings = {
				ALWAYS_EMBED_SWIFT_STANDARD_LIBRARIES = YES;
				CODE_SIGN_STYLE = Automatic;
				CURRENT_PROJECT_VERSION = 1;
				GENERATE_INFOPLIST_FILE = YES;
				LD_RUNPATH_SEARCH_PATHS = (
					"$(inherited)",
					"@executable_path/Frameworks",
					"@loader_path/Frameworks",
				);
				MARKETING_VERSION = 1.0;
				PRODUCT_BUNDLE_IDENTIFIER = nl.roozendaal.stan.PokedexUITests;
				PRODUCT_NAME = "$(TARGET_NAME)";
				SWIFT_EMIT_LOC_STRINGS = NO;
				SWIFT_VERSION = 5.0;
				TARGETED_DEVICE_FAMILY = "1,2";
				TEST_TARGET_NAME = Pokedex;
			};
			name = Release;
		};
/* End XCBuildConfiguration section */

/* Begin XCConfigurationList section */
		73A1AE96270C5161007935E9 /* Build configuration list for PBXProject "Pokedex" */ = {
			isa = XCConfigurationList;
			buildConfigurations = (
				73A1AEBD270C5163007935E9 /* Debug */,
				73A1AEBE270C5163007935E9 /* Release */,
			);
			defaultConfigurationIsVisible = 0;
			defaultConfigurationName = Release;
		};
		73A1AEBF270C5163007935E9 /* Build configuration list for PBXNativeTarget "Pokedex" */ = {
			isa = XCConfigurationList;
			buildConfigurations = (
				73A1AEC0270C5163007935E9 /* Debug */,
				73A1AEC1270C5163007935E9 /* Release */,
			);
			defaultConfigurationIsVisible = 0;
			defaultConfigurationName = Release;
		};
		73A1AEC2270C5163007935E9 /* Build configuration list for PBXNativeTarget "PokedexTests" */ = {
			isa = XCConfigurationList;
			buildConfigurations = (
				73A1AEC3270C5163007935E9 /* Debug */,
				73A1AEC4270C5163007935E9 /* Release */,
			);
			defaultConfigurationIsVisible = 0;
			defaultConfigurationName = Release;
		};
		73A1AEC5270C5163007935E9 /* Build configuration list for PBXNativeTarget "PokedexUITests" */ = {
			isa = XCConfigurationList;
			buildConfigurations = (
				73A1AEC6270C5163007935E9 /* Debug */,
				73A1AEC7270C5163007935E9 /* Release */,
			);
			defaultConfigurationIsVisible = 0;
			defaultConfigurationName = Release;
		};
/* End XCConfigurationList section */

/* Begin XCRemoteSwiftPackageReference section */
		7385ABA7270EEB0400C191A6 /* XCRemoteSwiftPackageReference "KeychainAccess" */ = {
			isa = XCRemoteSwiftPackageReference;
			repositoryURL = "https://github.com/kishikawakatsumi/KeychainAccess.git";
			requirement = {
				kind = upToNextMajorVersion;
				minimumVersion = 4.0.0;
			};
		};
/* End XCRemoteSwiftPackageReference section */

/* Begin XCSwiftPackageProductDependency section */
		7385ABA8270EEB0400C191A6 /* KeychainAccess */ = {
			isa = XCSwiftPackageProductDependency;
			package = 7385ABA7270EEB0400C191A6 /* XCRemoteSwiftPackageReference "KeychainAccess" */;
			productName = KeychainAccess;
		};
/* End XCSwiftPackageProductDependency section */
	};
	rootObject = 73A1AE93270C5161007935E9 /* Project object */;
}
